
Microsoft Visual Studio Solution File, Format Version 12.00
# Visual Studio Version 17
VisualStudioVersion = 17.6.33815.320
MinimumVisualStudioVersion = 10.0.40219.1
Project("{FAE04EC0-301F-11D3-BF4B-00C04F79EFBC}") = "ibm_api_docker", "ibm_api_docker\ibm_api_docker.csproj", "{61F6AADD-DE4F-46C2-AA4E-5AC25C3A9F27}"
EndProject
Global
	GlobalSection(SolutionConfigurationPlatforms) = preSolution
		Debug|Any CPU = Debug|Any CPU
		Release|Any CPU = Release|Any CPU
	EndGlobalSection
	GlobalSection(ProjectConfigurationPlatforms) = postSolution
		{61F6AADD-DE4F-46C2-AA4E-5AC25C3A9F27}.Debug|Any CPU.ActiveCfg = Debug|Any CPU
		{61F6AADD-DE4F-46C2-AA4E-5AC25C3A9F27}.Debug|Any CPU.Build.0 = Debug|Any CPU
		{61F6AADD-DE4F-46C2-AA4E-5AC25C3A9F27}.Release|Any CPU.ActiveCfg = Release|Any CPU
		{61F6AADD-DE4F-46C2-AA4E-5AC25C3A9F27}.Release|Any CPU.Build.0 = Release|Any CPU
	EndGlobalSection
	GlobalSection(SolutionProperties) = preSolution
		HideSolutionNode = FALSE
	EndGlobalSection
	GlobalSection(ExtensibilityGlobals) = postSolution
		SolutionGuid = {6766D618-5862-4A2E-B0F0-14DBCAF5FE13}
	EndGlobalSection
EndGlobal
